
Microsoft Visual Studio Solution File, Format Version 12.00
# Visual Studio 14
VisualStudioVersion = 14.0.24720.0
MinimumVisualStudioVersion = 10.0.40219.1
Project("{FAE04EC0-301F-11D3-BF4B-00C04F79EFBC}") = "NOps.Common", "NOps.Common\NOps.Common.csproj", "{13525731-FB2F-4728-A9EF-BCDB1B61D78D}"
EndProject
Project("{FAE04EC0-301F-11D3-BF4B-00C04F79EFBC}") = "NOps.Common.Tests", "NOps.Common.Tests\NOps.Common.Tests.csproj", "{C3DDBBF8-7D3C-427A-B324-54E36817D626}"
EndProject
Global
	GlobalSection(SolutionConfigurationPlatforms) = preSolution
		Debug|Any CPU = Debug|Any CPU
		Release|Any CPU = Release|Any CPU
	EndGlobalSection
	GlobalSection(ProjectConfigurationPlatforms) = postSolution
		{13525731-FB2F-4728-A9EF-BCDB1B61D78D}.Debug|Any CPU.ActiveCfg = Debug|Any CPU
		{13525731-FB2F-4728-A9EF-BCDB1B61D78D}.Debug|Any CPU.Build.0 = Debug|Any CPU
		{13525731-FB2F-4728-A9EF-BCDB1B61D78D}.Release|Any CPU.ActiveCfg = Release|Any CPU
		{13525731-FB2F-4728-A9EF-BCDB1B61D78D}.Release|Any CPU.Build.0 = Release|Any CPU
		{C3DDBBF8-7D3C-427A-B324-54E36817D626}.Debug|Any CPU.ActiveCfg = Debug|Any CPU
		{C3DDBBF8-7D3C-427A-B324-54E36817D626}.Debug|Any CPU.Build.0 = Debug|Any CPU
		{C3DDBBF8-7D3C-427A-B324-54E36817D626}.Release|Any CPU.ActiveCfg = Release|Any CPU
		{C3DDBBF8-7D3C-427A-B324-54E36817D626}.Release|Any CPU.Build.0 = Release|Any CPU
	EndGlobalSection
	GlobalSection(SolutionProperties) = preSolution
		HideSolutionNode = FALSE
	EndGlobalSection
EndGlobal
